
Microsoft Visual Studio Solution File, Format Version 12.00
# Visual Studio Version 17
VisualStudioVersion = 17.14.36212.18 d17.14
MinimumVisualStudioVersion = 10.0.40219.1
Project("{FAE04EC0-301F-11D3-BF4B-00C04F79EFBC}") = "esercitazione1Branch", "esercitazione1Branch\esercitazione1Branch.csproj", "{D163E6F1-9295-4BA5-9D8B-A60989EE450A}"
EndProject
Global
	GlobalSection(SolutionConfigurationPlatforms) = preSolution
		Debug|Any CPU = Debug|Any CPU
		Release|Any CPU = Release|Any CPU
	EndGlobalSection
	GlobalSection(ProjectConfigurationPlatforms) = postSolution
		{D163E6F1-9295-4BA5-9D8B-A60989EE450A}.Debug|Any CPU.ActiveCfg = Debug|Any CPU
		{D163E6F1-9295-4BA5-9D8B-A60989EE450A}.Debug|Any CPU.Build.0 = Debug|Any CPU
		{D163E6F1-9295-4BA5-9D8B-A60989EE450A}.Release|Any CPU.ActiveCfg = Release|Any CPU
		{D163E6F1-9295-4BA5-9D8B-A60989EE450A}.Release|Any CPU.Build.0 = Release|Any CPU
	EndGlobalSection
	GlobalSection(SolutionProperties) = preSolution
		HideSolutionNode = FALSE
	EndGlobalSection
	GlobalSection(ExtensibilityGlobals) = postSolution
		SolutionGuid = {340860F8-DCF4-4C4C-8113-BC5281F9826A}
	EndGlobalSection
EndGlobal
